Microsoft Visual Studio Solution File, Format Version 11.00
# Visual Studio 2008

Project("{40C590D2-3811-98FF-365A-2A412948C652}") = "PostG300", "Assembly-CSharp.csproj", "{C6AB0A9E-9111-E20B-FDD1-C6276F7DC563}"
EndProject
Global
	GlobalSection(SolutionConfigurationPlatforms) = preSolution
		Debug|Any CPU = Debug|Any CPU
		Release|Any CPU = Release|Any CPU
	EndGlobalSection
	GlobalSection(ProjectConfigurationPlatforms) = postSolution
		{C6AB0A9E-9111-E20B-FDD1-C6276F7DC563}.Debug|Any CPU.ActiveCfg = Debug|Any CPU
		{C6AB0A9E-9111-E20B-FDD1-C6276F7DC563}.Debug|Any CPU.Build.0 = Debug|Any CPU
		{C6AB0A9E-9111-E20B-FDD1-C6276F7DC563}.Release|Any CPU.ActiveCfg = Release|Any CPU
		{C6AB0A9E-9111-E20B-FDD1-C6276F7DC563}.Release|Any CPU.Build.0 = Release|Any CPU
	EndGlobalSection
	GlobalSection(SolutionProperties) = preSolution
		HideSolutionNode = FALSE
	EndGlobalSection
	GlobalSection(MonoDevelopProperties) = preSolution
		StartupItem = Assembly-CSharp.csproj
	EndGlobalSection
EndGlobal
